{
	"name": "tinymce",
	"version": "5.10.3",
	"lockfileVersion": 2,
	"requires": true,
	"packages": {
		"": {
			"name": "tinymce",
			"version": "5.10.3",
			"license": "LGPL-2.1",
			"dependencies": {
				"tinymce": "file:"
			}
		},
		"node_modules/tinymce": {
			"resolved": "",
			"link": true
		}
	},
	"dependencies": {
		"tinymce": {
			"version": "file:",
			"requires": {
				"tinymce": "file:"
			}
		}
	}
}
